// !$*UTF8*$!
{
	archiveVersion = 1;
	classes = {
	};
	objectVersion = 50;
	objects = {

/* Begin PBXBuildFile section */
		9AB0CF0525F01CBA008CC712 /* AppDelegate.swift in Sources */ = {isa = PBXBuildFile; fileRef = 9AB0CF0425F01CBA008CC712 /* AppDelegate.swift */; };
		9AB0CF0725F01CBA008CC712 /* SceneDelegate.swift in Sources */ = {isa = PBXBuildFile; fileRef = 9AB0CF0625F01CBA008CC712 /* SceneDelegate.swift */; };
		9AB0CF0925F01CBA008CC712 /* ViewController.swift in Sources */ = {isa = PBXBuildFile; fileRef = 9AB0CF0825F01CBA008CC712 /* ViewController.swift */; };
		9AB0CF0C25F01CBA008CC712 /* Main.storyboard in Resources */ = {isa = PBXBuildFile; fileRef = 9AB0CF0A25F01CBA008CC712 /* Main.storyboard */; };
		9AB0CF0E25F01CBE008CC712 /* Assets.xcassets in Resources */ = {isa = PBXBuildFile; fileRef = 9AB0CF0D25F01CBE008CC712 /* Assets.xcassets */; };
		9AB0CF1125F01CBE008CC712 /* LaunchScreen.storyboard in Resources */ = {isa = PBXBuildFile; fileRef = 9AB0CF0F25F01CBE008CC712 /* LaunchScreen.storyboard */; };
/* End PBXBuildFile section */

/* Begin PBXFileReference section */
		9AB0CF0125F01CBA008CC712 /* appInstitucional.app */ = {isa = PBXFileReference; explicitFileType = wrapper.application; includeInIndex = 0; path = appInstitucional.app; sourceTree = BUILT_PRODUCTS_DIR; };
		9AB0CF0425F01CBA008CC712 /* AppDelegate.swift */ = {isa = PBXFileReference; lastKnownFileType = sourcecode.swift; path = AppDelegate.swift; sourceTree = "<group>"; };
		9AB0CF0625F01CBA008CC712 /* SceneDelegate.swift */ = {isa = PBXFileReference; lastKnownFileType = sourcecode.swift; path = SceneDelegate.swift; sourceTree = "<group>"; };
		9AB0CF0825F01CBA008CC712 /* ViewController.swift */ = {isa = PBXFileReference; lastKnownFileType = sourcecode.swift; path = ViewController.swift; sourceTree = "<group>"; };
		9AB0CF0B25F01CBA008CC712 /* Base */ = {isa = PBXFileReference; lastKnownFileType = file.storyboard; name = Base; path = Base.lproj/Main.storyboard; sourceTree = "<group>"; };
		9AB0CF0D25F01CBE008CC712 /* Assets.xcassets */ = {isa = PBXFileReference; lastKnownFileType = folder.assetcatalog; path = Assets.xcassets; sourceTree = "<group>"; };
		9AB0CF1025F01CBE008CC712 /* Base */ = {isa = PBXFileReference; lastKnownFileType = file.storyboard; name = Base; path = Base.lproj/LaunchScreen.storyboard; sourceTree = "<group>"; };
		9AB0CF1225F01CBE008CC712 /* Info.plist */ = {isa = PBXFileReference; lastKnownFileType = text.plist.xml; path = Info.plist; sourceTree = "<group>"; };
/* End PBXFileReference section */

/* Begin PBXFrameworksBuildPhase section */
		9AB0CEFE25F01CBA008CC712 /* Frameworks */ = {
			isa = PBXFrameworksBuildPhase;
			buildActionMask = 2147483647;
			files = (
			);
			runOnlyForDeploymentPostprocessing = 0;
		};
/* End PBXFrameworksBuildPhase section */

/* Begin PBXGroup section */
		9AB0CEF825F01CBA008CC712 = {
			isa = PBXGroup;
			children = (
				9AB0CF0325F01CBA008CC712 /* appInstitucional */,
				9AB0CF0225F01CBA008CC712 /* Products */,
			);
			sourceTree = "<group>";
		};
		9AB0CF0225F01CBA008CC712 /* Products */ = {
			isa = PBXGroup;
			children = (
				9AB0CF0125F01CBA008CC712 /* appInstitucional.app */,
			);
			name = Products;
			sourceTree = "<group>";
		};
		9AB0CF0325F01CBA008CC712 /* appInstitucional */ = {
			isa = PBXGroup;
			children = (
				9AB0CF0425F01CBA008CC712 /* AppDelegate.swift */,
				9AB0CF0625F01CBA008CC712 /* SceneDelegate.swift */,
				9AB0CF0825F01CBA008CC712 /* ViewController.swift */,
				9AB0CF0A25F01CBA008CC712 /* Main.storyboard */,
				9AB0CF0D25F01CBE008CC712 /* Assets.xcassets */,
				9AB0CF0F25F01CBE008CC712 /* LaunchScreen.storyboard */,
				9AB0CF1225F01CBE008CC712 /* Info.plist */,
			);
			path = appInstitucional;
			sourceTree = "<group>";
		};
/* End PBXGroup section */

/* Begin PBXNativeTarget section */
		9AB0CF0025F01CBA008CC712 /* appInstitucional */ = {
			isa = PBXNativeTarget;
			buildConfigurationList = 9AB0CF1525F01CBE008CC712 /* Build configuration list for PBXNativeTarget "appInstitucional" */;
			buildPhases = (
				9AB0CEFD25F01CBA008CC712 /* Sources */,
				9AB0CEFE25F01CBA008CC712 /* Frameworks */,
				9AB0CEFF25F01CBA008CC712 /* Resources */,
			);
			buildRules = (
			);
			dependencies = (
			);
			name = appInstitucional;
			productName = appInstitucional;
			productReference = 9AB0CF0125F01CBA008CC712 /* appInstitucional.app */;
			productType = "com.apple.product-type.application";
		};
/* End PBXNativeTarget section */

/* Begin PBXProject section */
		9AB0CEF925F01CBA008CC712 /* Project object */ = {
			isa = PBXProject;
			attributes = {
				LastSwiftUpdateCheck = 1130;
				LastUpgradeCheck = 1130;
				ORGANIZATIONNAME = "johnny IOS";
				TargetAttributes = {
					9AB0CF0025F01CBA008CC712 = {
						CreatedOnToolsVersion = 11.3;
					};
				};
			};
			buildConfigurationList = 9AB0CEFC25F01CBA008CC712 /* Build configuration list for PBXProject "appInstitucional" */;
			compatibilityVersion = "Xcode 9.3";
			developmentRegion = en;
			hasScannedForEncodings = 0;
			knownRegions = (
				en,
				Base,
			);
			mainGroup = 9AB0CEF825F01CBA008CC712;
			productRefGroup = 9AB0CF0225F01CBA008CC712 /* Products */;
			projectDirPath = "";
			projectRoot = "";
			targets = (
				9AB0CF0025F01CBA008CC712 /* appInstitucional */,
			);
		};
/* End PBXProject section */

/* Begin PBXResourcesBuildPhase section */
		9AB0CEFF25F01CBA008CC712 /* Resources */ = {
			isa = PBXResourcesBuildPhase;
			buildActionMask = 2147483647;
			files = (
				9AB0CF1125F01CBE008CC712 /* LaunchScreen.storyboard in Resources */,
				9AB0CF0E25F01CBE008CC712 /* Assets.xcassets in Resources */,
				9AB0CF0C25F01CBA008CC712 /* Main.storyboard in Resources */,
			);
			runOnlyForDeploymentPostprocessing = 0;
		};
/* End PBXResourcesBuildPhase section */

/* Begin PBXSourcesBuildPhase section */
		9AB0CEFD25F01CBA008CC712 /* Sources */ = {
			isa = PBXSourcesBuildPhase;
			buildActionMask = 2147483647;
			files = (
				9AB0CF0925F01CBA008CC712 /* ViewController.swift in Sources */,
				9AB0CF0525F01CBA008CC712 /* AppDelegate.swift in Sources */,
				9AB0CF0725F01CBA008CC712 /* SceneDelegate.swift in Sources */,
			);
			runOnlyForDeploymentPostprocessing = 0;
		};
/* End PBXSourcesBuildPhase section */

/* Begin PBXVariantGroup section */
		9AB0CF0A25F01CBA008CC712 /* Main.storyboard */ = {
			isa = PBXVariantGroup;
			children = (
				9AB0CF0B25F01CBA008CC712 /* Base */,
			);
			name = Main.storyboard;
			sourceTree = "<group>";
		};
		9AB0CF0F25F01CBE008CC712 /* LaunchScreen.storyboard */ = {
			isa = PBXVariantGroup;
			children = (
				9AB0CF1025F01CBE008CC712 /* Base */,
			);
			name = LaunchScreen.storyboard;
			sourceTree = "<group>";
		};
/* End PBXVariantGroup section */

/* Begin XCBuildConfiguration section */
		9AB0CF1325F01CBE008CC712 /* Debug */ = {
			isa = XCBuildConfiguration;
			buildSettings = {
				ALWAYS_SEARCH_USER_PATHS = NO;
				CLANG_ANALYZER_NONNULL = YES;
				CLANG_ANALYZER_NUMBER_OBJECT_CONVERSION = YES_AGGRESSIVE;
				CLANG_CXX_LANGUAGE_STANDARD = "gnu++14";
				CLANG_CXX_LIBRARY = "libc++";
				CLANG_ENABLE_MODULES = YES;
				CLANG_ENABLE_OBJC_ARC = YES;
				CLANG_ENABLE_OBJC_WEAK = YES;
				CLANG_WARN_BLOCK_CAPTURE_AUTORELEASING = YES;
				CLANG_WARN_BOOL_CONVERSION = YES;
				CLANG_WARN_COMMA = YES;
				CLANG_WARN_CONSTANT_CONVERSION = YES;
				CLANG_WARN_DEPRECATED_OBJC_IMPLEMENTATIONS = YES;
				CLANG_WARN_DIRECT_OBJC_ISA_USAGE = YES_ERROR;
				CLANG_WARN_DOCUMENTATION_COMMENTS = YES;
				CLANG_WARN_EMPTY_BODY = YES;
				CLANG_WARN_ENUM_CONVERSION = YES;
				CLANG_WARN_INFINITE_RECURSION = YES;
				CLANG_WARN_INT_CONVERSION = YES;
				CLANG_WARN_NON_LITERAL_NULL_CONVERSION = YES;
				CLANG_WARN_OBJC_IMPLICIT_RETAIN_SELF = YES;
				CLANG_WARN_OBJC_LITERAL_CONVERSION = YES;
				CLANG_WARN_OBJC_ROOT_CLASS = YES_ERROR;
				CLANG_WARN_RANGE_LOOP_ANALYSIS = YES;
				CLANG_WARN_STRICT_PROTOTYPES = YES;
				CLANG_WARN_SUSPICIOUS_MOVE = YES;
				CLANG_WARN_UNGUARDED_AVAILABILITY = YES_AGGRESSIVE;
				CLANG_WARN_UNREACHABLE_CODE = YES;
				CLANG_WARN__DUPLICATE_METHOD_MATCH = YES;
				COPY_PHASE_STRIP = NO;
				DEBUG_INFORMATION_FORMAT = dwarf;
				ENABLE_STRICT_OBJC_MSGSEND = YES;
				ENABLE_TESTABILITY = YES;
				GCC_C_LANGUAGE_STANDARD = gnu11;
				GCC_DYNAMIC_NO_PIC = NO;
				GCC_NO_COMMON_BLOCKS = YES;
				GCC_OPTIMIZATION_LEVEL = 0;
				GCC_PREPROCESSOR_DEFINITIONS = (
					"DEBUG=1",
					"$(inherited)",
				);
				GCC_WARN_64_TO_32_BIT_CONVERSION = YES;
				GCC_WARN_ABOUT_RETURN_TYPE = YES_ERROR;
				GCC_WARN_UNDECLARED_SELECTOR = YES;
				GCC_WARN_UNINITIALIZED_AUTOS = YES_AGGRESSIVE;
				GCC_WARN_UNUSED_FUNCTION = YES;
				GCC_WARN_UNUSED_VARIABLE = YES;
				IPHONEOS_DEPLOYMENT_TARGET = 13.2;
				MTL_ENABLE_DEBUG_INFO = INCLUDE_SOURCE;
				MTL_FAST_MATH = YES;
				ONLY_ACTIVE_ARCH = YES;
				SDKROOT = iphoneos;
				SWIFT_ACTIVE_COMPILATION_CONDITIONS = DEBUG;
				SWIFT_OPTIMIZATION_LEVEL = "-Onone";
			};
			name = Debug;
		};
		9AB0CF1425F01CBE008CC712 /* Release */ = {
			isa = XCBuildConfiguration;
			buildSettings = {
				ALWAYS_SEARCH_USER_PATHS = NO;
				CLANG_ANALYZER_NONNULL = YES;
				CLANG_ANALYZER_NUMBER_OBJECT_CONVERSION = YES_AGGRESSIVE;
				CLANG_CXX_LANGUAGE_STANDARD = "gnu++14";
				CLANG_CXX_LIBRARY = "libc++";
				CLANG_ENABLE_MODULES = YES;
				CLANG_ENABLE_OBJC_ARC = YES;
				CLANG_ENABLE_OBJC_WEAK = YES;
				CLANG_WARN_BLOCK_CAPTURE_AUTORELEASING = YES;
				CLANG_WARN_BOOL_CONVERSION = YES;
				CLANG_WARN_COMMA = YES;
				CLANG_WARN_CONSTANT_CONVERSION = YES;
				CLANG_WARN_DEPRECATED_OBJC_IMPLEMENTATIONS = YES;
				CLANG_WARN_DIRECT_OBJC_ISA_USAGE = YES_ERROR;
				CLANG_WARN_DOCUMENTATION_COMMENTS = YES;
				CLANG_WARN_EMPTY_BODY = YES;
				CLANG_WARN_ENUM_CONVERSION = YES;
				CLANG_WARN_INFINITE_RECURSION = YES;
				CLANG_WARN_INT_CONVERSION = YES;
				CLANG_WARN_NON_LITERAL_NULL_CONVERSION = YES;
				CLANG_WARN_OBJC_IMPLICIT_RETAIN_SELF = YES;
				CLANG_WARN_OBJC_LITERAL_CONVERSION = YES;
				CLANG_WARN_OBJC_ROOT_CLASS = YES_ERROR;
				CLANG_WARN_RANGE_LOOP_ANALYSIS = YES;
				CLANG_WARN_STRICT_PROTOTYPES = YES;
				CLANG_WARN_SUSPICIOUS_MOVE = YES;
				CLANG_WARN_UNGUARDED_AVAILABILITY = YES_AGGRESSIVE;
				CLANG_WARN_UNREACHABLE_CODE = YES;
				CLANG_WARN__DUPLICATE_METHOD_MATCH = YES;
				COPY_PHASE_STRIP = NO;
				DEBUG_INFORMATION_FORMAT = "dwarf-with-dsym";
				ENABLE_NS_ASSERTIONS = NO;
				ENABLE_STRICT_OBJC_MSGSEND = YES;
				GCC_C_LANGUAGE_STANDARD = gnu11;
				GCC_NO_COMMON_BLOCKS = YES;
				GCC_WARN_64_TO_32_BIT_CONVERSION = YES;
				GCC_WARN_ABOUT_RETURN_TYPE = YES_ERROR;
				GCC_WARN_UNDECLARED_SELECTOR = YES;
				GCC_WARN_UNINITIALIZED_AUTOS = YES_AGGRESSIVE;
				GCC_WARN_UNUSED_FUNCTION = YES;
				GCC_WARN_UNUSED_VARIABLE = YES;
				IPHONEOS_DEPLOYMENT_TARGET = 13.2;
				MTL_ENABLE_DEBUG_INFO = NO;
				MTL_FAST_MATH = YES;
				SDKROOT = iphoneos;
				SWIFT_COMPILATION_MODE = wholemodule;
				SWIFT_OPTIMIZATION_LEVEL = "-O";
				VALIDATE_PRODUCT = YES;
			};
			name = Release;
		};
		9AB0CF1625F01CBE008CC712 /* Debug */ = {
			isa = XCBuildConfiguration;
			buildSettings = {
				ASSETCATALOG_COMPILER_APPICON_NAME = AppIcon;
				CODE_SIGN_STYLE = Automatic;
				INFOPLIST_FILE = appInstitucional/Info.plist;
				IPHONEOS_DEPLOYMENT_TARGET = 11.0;
				LD_RUNPATH_SEARCH_PATHS = (
					"$(inherited)",
					"@executable_path/Frameworks",
				);
				PRODUCT_BUNDLE_IDENTIFIER = com.johnny.ios11tw.appInstitucional;
				PRODUCT_NAME = "$(TARGET_NAME)";
				SWIFT_VERSION = 5.0;
				TARGETED_DEVICE_FAMILY = "1,2";
			};
			name = Debug;
		};
		9AB0CF1725F01CBE008CC712 /* Release */ = {
			isa = XCBuildConfiguration;
			buildSettings = {
				ASSETCATALOG_COMPILER_APPICON_NAME = AppIcon;
				CODE_SIGN_STYLE = Automatic;
				INFOPLIST_FILE = appInstitucional/Info.plist;
				IPHONEOS_DEPLOYMENT_TARGET = 11.0;
				LD_RUNPATH_SEARCH_PATHS = (
					"$(inherited)",
					"@executable_path/Frameworks",
				);
				PRODUCT_BUNDLE_IDENTIFIER = com.johnny.ios11tw.appInstitucional;
				PRODUCT_NAME = "$(TARGET_NAME)";
				SWIFT_VERSION = 5.0;
				TARGETED_DEVICE_FAMILY = "1,2";
			};
			name = Release;
		};
/* End XCBuildConfiguration section */

/* Begin XCConfigurationList section */
		9AB0CEFC25F01CBA008CC712 /* Build configuration list for PBXProject "appInstitucional" */ = {
			isa = XCConfigurationList;
			buildConfigurations = (
				9AB0CF1325F01CBE008CC712 /* Debug */,
				9AB0CF1425F01CBE008CC712 /* Release */,
			);
			defaultConfigurationIsVisible = 0;
			defaultConfigurationName = Release;
		};
		9AB0CF1525F01CBE008CC712 /* Build configuration list for PBXNativeTarget "appInstitucional" */ = {
			isa = XCConfigurationList;
			buildConfigurations = (
				9AB0CF1625F01CBE008CC712 /* Debug */,
				9AB0CF1725F01CBE008CC712 /* Release */,
			);
			defaultConfigurationIsVisible = 0;
			defaultConfigurationName = Release;
		};
/* End XCConfigurationList section */
	};
	rootObject = 9AB0CEF925F01CBA008CC712 /* Project object */;
}
