// !$*UTF8*$!
{
	archiveVersion = 1;
	classes = {
	};
	objectVersion = 50;
	objects = {

/* Begin PBXBuildFile section */
		9AD5812125F2BB7F00CB8764 /* AppDelegate.swift in Sources */ = {isa = PBXBuildFile; fileRef = 9AD5812025F2BB7F00CB8764 /* AppDelegate.swift */; };
		9AD5812325F2BB7F00CB8764 /* SceneDelegate.swift in Sources */ = {isa = PBXBuildFile; fileRef = 9AD5812225F2BB7F00CB8764 /* SceneDelegate.swift */; };
		9AD5812525F2BB7F00CB8764 /* ViewController.swift in Sources */ = {isa = PBXBuildFile; fileRef = 9AD5812425F2BB7F00CB8764 /* ViewController.swift */; };
		9AD5812825F2BB7F00CB8764 /* Main.storyboard in Resources */ = {isa = PBXBuildFile; fileRef = 9AD5812625F2BB7F00CB8764 /* Main.storyboard */; };
		9AD5812A25F2BB8000CB8764 /* Assets.xcassets in Resources */ = {isa = PBXBuildFile; fileRef = 9AD5812925F2BB8000CB8764 /* Assets.xcassets */; };
		9AD5812D25F2BB8000CB8764 /* LaunchScreen.storyboard in Resources */ = {isa = PBXBuildFile; fileRef = 9AD5812B25F2BB8000CB8764 /* LaunchScreen.storyboard */; };
		9AD5813B25F2BC7D00CB8764 /* macaco.mp3 in Resources */ = {isa = PBXBuildFile; fileRef = 9AD5813525F2BC7D00CB8764 /* macaco.mp3 */; };
		9AD5813C25F2BC7D00CB8764 /* leao.mp3 in Resources */ = {isa = PBXBuildFile; fileRef = 9AD5813625F2BC7D00CB8764 /* leao.mp3 */; };
		9AD5813D25F2BC7D00CB8764 /* gato.mp3 in Resources */ = {isa = PBXBuildFile; fileRef = 9AD5813725F2BC7D00CB8764 /* gato.mp3 */; };
		9AD5813E25F2BC7D00CB8764 /* cao.mp3 in Resources */ = {isa = PBXBuildFile; fileRef = 9AD5813825F2BC7D00CB8764 /* cao.mp3 */; };
		9AD5813F25F2BC7D00CB8764 /* ovelha.mp3 in Resources */ = {isa = PBXBuildFile; fileRef = 9AD5813925F2BC7D00CB8764 /* ovelha.mp3 */; };
		9AD5814025F2BC7D00CB8764 /* vaca.mp3 in Resources */ = {isa = PBXBuildFile; fileRef = 9AD5813A25F2BC7D00CB8764 /* vaca.mp3 */; };
/* End PBXBuildFile section */

/* Begin PBXFileReference section */
		9AD5811D25F2BB7F00CB8764 /* Som dos animais.app */ = {isa = PBXFileReference; explicitFileType = wrapper.application; includeInIndex = 0; path = "Som dos animais.app"; sourceTree = BUILT_PRODUCTS_DIR; };
		9AD5812025F2BB7F00CB8764 /* AppDelegate.swift */ = {isa = PBXFileReference; lastKnownFileType = sourcecode.swift; path = AppDelegate.swift; sourceTree = "<group>"; };
		9AD5812225F2BB7F00CB8764 /* SceneDelegate.swift */ = {isa = PBXFileReference; lastKnownFileType = sourcecode.swift; path = SceneDelegate.swift; sourceTree = "<group>"; };
		9AD5812425F2BB7F00CB8764 /* ViewController.swift */ = {isa = PBXFileReference; lastKnownFileType = sourcecode.swift; path = ViewController.swift; sourceTree = "<group>"; };
		9AD5812725F2BB7F00CB8764 /* Base */ = {isa = PBXFileReference; lastKnownFileType = file.storyboard; name = Base; path = Base.lproj/Main.storyboard; sourceTree = "<group>"; };
		9AD5812925F2BB8000CB8764 /* Assets.xcassets */ = {isa = PBXFileReference; lastKnownFileType = folder.assetcatalog; path = Assets.xcassets; sourceTree = "<group>"; };
		9AD5812C25F2BB8000CB8764 /* Base */ = {isa = PBXFileReference; lastKnownFileType = file.storyboard; name = Base; path = Base.lproj/LaunchScreen.storyboard; sourceTree = "<group>"; };
		9AD5812E25F2BB8000CB8764 /* Info.plist */ = {isa = PBXFileReference; lastKnownFileType = text.plist.xml; path = Info.plist; sourceTree = "<group>"; };
		9AD5813525F2BC7D00CB8764 /* macaco.mp3 */ = {isa = PBXFileReference; lastKnownFileType = audio.mp3; path = macaco.mp3; sourceTree = "<group>"; };
		9AD5813625F2BC7D00CB8764 /* leao.mp3 */ = {isa = PBXFileReference; lastKnownFileType = audio.mp3; path = leao.mp3; sourceTree = "<group>"; };
		9AD5813725F2BC7D00CB8764 /* gato.mp3 */ = {isa = PBXFileReference; lastKnownFileType = audio.mp3; path = gato.mp3; sourceTree = "<group>"; };
		9AD5813825F2BC7D00CB8764 /* cao.mp3 */ = {isa = PBXFileReference; lastKnownFileType = audio.mp3; path = cao.mp3; sourceTree = "<group>"; };
		9AD5813925F2BC7D00CB8764 /* ovelha.mp3 */ = {isa = PBXFileReference; lastKnownFileType = audio.mp3; path = ovelha.mp3; sourceTree = "<group>"; };
		9AD5813A25F2BC7D00CB8764 /* vaca.mp3 */ = {isa = PBXFileReference; lastKnownFileType = audio.mp3; path = vaca.mp3; sourceTree = "<group>"; };
/* End PBXFileReference section */

/* Begin PBXFrameworksBuildPhase section */
		9AD5811A25F2BB7E00CB8764 /* Frameworks */ = {
			isa = PBXFrameworksBuildPhase;
			buildActionMask = 2147483647;
			files = (
			);
			runOnlyForDeploymentPostprocessing = 0;
		};
/* End PBXFrameworksBuildPhase section */

/* Begin PBXGroup section */
		9AD5811425F2BB7E00CB8764 = {
			isa = PBXGroup;
			children = (
				9AD5813425F2BC6D00CB8764 /* Sons */,
				9AD5811F25F2BB7F00CB8764 /* Som dos animais */,
				9AD5811E25F2BB7F00CB8764 /* Products */,
			);
			sourceTree = "<group>";
		};
		9AD5811E25F2BB7F00CB8764 /* Products */ = {
			isa = PBXGroup;
			children = (
				9AD5811D25F2BB7F00CB8764 /* Som dos animais.app */,
			);
			name = Products;
			sourceTree = "<group>";
		};
		9AD5811F25F2BB7F00CB8764 /* Som dos animais */ = {
			isa = PBXGroup;
			children = (
				9AD5812025F2BB7F00CB8764 /* AppDelegate.swift */,
				9AD5812225F2BB7F00CB8764 /* SceneDelegate.swift */,
				9AD5812425F2BB7F00CB8764 /* ViewController.swift */,
				9AD5812625F2BB7F00CB8764 /* Main.storyboard */,
				9AD5812925F2BB8000CB8764 /* Assets.xcassets */,
				9AD5812B25F2BB8000CB8764 /* LaunchScreen.storyboard */,
				9AD5812E25F2BB8000CB8764 /* Info.plist */,
			);
			path = "Som dos animais";
			sourceTree = "<group>";
		};
		9AD5813425F2BC6D00CB8764 /* Sons */ = {
			isa = PBXGroup;
			children = (
				9AD5813825F2BC7D00CB8764 /* cao.mp3 */,
				9AD5813725F2BC7D00CB8764 /* gato.mp3 */,
				9AD5813625F2BC7D00CB8764 /* leao.mp3 */,
				9AD5813525F2BC7D00CB8764 /* macaco.mp3 */,
				9AD5813925F2BC7D00CB8764 /* ovelha.mp3 */,
				9AD5813A25F2BC7D00CB8764 /* vaca.mp3 */,
			);
			path = Sons;
			sourceTree = "<group>";
		};
/* End PBXGroup section */

/* Begin PBXNativeTarget section */
		9AD5811C25F2BB7E00CB8764 /* Som dos animais */ = {
			isa = PBXNativeTarget;
			buildConfigurationList = 9AD5813125F2BB8000CB8764 /* Build configuration list for PBXNativeTarget "Som dos animais" */;
			buildPhases = (
				9AD5811925F2BB7E00CB8764 /* Sources */,
				9AD5811A25F2BB7E00CB8764 /* Frameworks */,
				9AD5811B25F2BB7E00CB8764 /* Resources */,
			);
			buildRules = (
			);
			dependencies = (
			);
			name = "Som dos animais";
			productName = "Som dos animais";
			productReference = 9AD5811D25F2BB7F00CB8764 /* Som dos animais.app */;
			productType = "com.apple.product-type.application";
		};
/* End PBXNativeTarget section */

/* Begin PBXProject section */
		9AD5811525F2BB7E00CB8764 /* Project object */ = {
			isa = PBXProject;
			attributes = {
				LastSwiftUpdateCheck = 1130;
				LastUpgradeCheck = 1130;
				ORGANIZATIONNAME = "johnny IOS";
				TargetAttributes = {
					9AD5811C25F2BB7E00CB8764 = {
						CreatedOnToolsVersion = 11.3;
					};
				};
			};
			buildConfigurationList = 9AD5811825F2BB7E00CB8764 /* Build configuration list for PBXProject "Som dos animais" */;
			compatibilityVersion = "Xcode 9.3";
			developmentRegion = en;
			hasScannedForEncodings = 0;
			knownRegions = (
				en,
				Base,
			);
			mainGroup = 9AD5811425F2BB7E00CB8764;
			productRefGroup = 9AD5811E25F2BB7F00CB8764 /* Products */;
			projectDirPath = "";
			projectRoot = "";
			targets = (
				9AD5811C25F2BB7E00CB8764 /* Som dos animais */,
			);
		};
/* End PBXProject section */

/* Begin PBXResourcesBuildPhase section */
		9AD5811B25F2BB7E00CB8764 /* Resources */ = {
			isa = PBXResourcesBuildPhase;
			buildActionMask = 2147483647;
			files = (
				9AD5813B25F2BC7D00CB8764 /* macaco.mp3 in Resources */,
				9AD5813C25F2BC7D00CB8764 /* leao.mp3 in Resources */,
				9AD5814025F2BC7D00CB8764 /* vaca.mp3 in Resources */,
				9AD5813E25F2BC7D00CB8764 /* cao.mp3 in Resources */,
				9AD5812D25F2BB8000CB8764 /* LaunchScreen.storyboard in Resources */,
				9AD5812A25F2BB8000CB8764 /* Assets.xcassets in Resources */,
				9AD5812825F2BB7F00CB8764 /* Main.storyboard in Resources */,
				9AD5813D25F2BC7D00CB8764 /* gato.mp3 in Resources */,
				9AD5813F25F2BC7D00CB8764 /* ovelha.mp3 in Resources */,
			);
			runOnlyForDeploymentPostprocessing = 0;
		};
/* End PBXResourcesBuildPhase section */

/* Begin PBXSourcesBuildPhase section */
		9AD5811925F2BB7E00CB8764 /* Sources */ = {
			isa = PBXSourcesBuildPhase;
			buildActionMask = 2147483647;
			files = (
				9AD5812525F2BB7F00CB8764 /* ViewController.swift in Sources */,
				9AD5812125F2BB7F00CB8764 /* AppDelegate.swift in Sources */,
				9AD5812325F2BB7F00CB8764 /* SceneDelegate.swift in Sources */,
			);
			runOnlyForDeploymentPostprocessing = 0;
		};
/* End PBXSourcesBuildPhase section */

/* Begin PBXVariantGroup section */
		9AD5812625F2BB7F00CB8764 /* Main.storyboard */ = {
			isa = PBXVariantGroup;
			children = (
				9AD5812725F2BB7F00CB8764 /* Base */,
			);
			name = Main.storyboard;
			sourceTree = "<group>";
		};
		9AD5812B25F2BB8000CB8764 /* LaunchScreen.storyboard */ = {
			isa = PBXVariantGroup;
			children = (
				9AD5812C25F2BB8000CB8764 /* Base */,
			);
			name = LaunchScreen.storyboard;
			sourceTree = "<group>";
		};
/* End PBXVariantGroup section */

/* Begin XCBuildConfiguration section */
		9AD5812F25F2BB8000CB8764 /* Debug */ = {
			isa = XCBuildConfiguration;
			buildSettings = {
				ALWAYS_SEARCH_USER_PATHS = NO;
				CLANG_ANALYZER_NONNULL = YES;
				CLANG_ANALYZER_NUMBER_OBJECT_CONVERSION = YES_AGGRESSIVE;
				CLANG_CXX_LANGUAGE_STANDARD = "gnu++14";
				CLANG_CXX_LIBRARY = "libc++";
				CLANG_ENABLE_MODULES = YES;
				CLANG_ENABLE_OBJC_ARC = YES;
				CLANG_ENABLE_OBJC_WEAK = YES;
				CLANG_WARN_BLOCK_CAPTURE_AUTORELEASING = YES;
				CLANG_WARN_BOOL_CONVERSION = YES;
				CLANG_WARN_COMMA = YES;
				CLANG_WARN_CONSTANT_CONVERSION = YES;
				CLANG_WARN_DEPRECATED_OBJC_IMPLEMENTATIONS = YES;
				CLANG_WARN_DIRECT_OBJC_ISA_USAGE = YES_ERROR;
				CLANG_WARN_DOCUMENTATION_COMMENTS = YES;
				CLANG_WARN_EMPTY_BODY = YES;
				CLANG_WARN_ENUM_CONVERSION = YES;
				CLANG_WARN_INFINITE_RECURSION = YES;
				CLANG_WARN_INT_CONVERSION = YES;
				CLANG_WARN_NON_LITERAL_NULL_CONVERSION = YES;
				CLANG_WARN_OBJC_IMPLICIT_RETAIN_SELF = YES;
				CLANG_WARN_OBJC_LITERAL_CONVERSION = YES;
				CLANG_WARN_OBJC_ROOT_CLASS = YES_ERROR;
				CLANG_WARN_RANGE_LOOP_ANALYSIS = YES;
				CLANG_WARN_STRICT_PROTOTYPES = YES;
				CLANG_WARN_SUSPICIOUS_MOVE = YES;
				CLANG_WARN_UNGUARDED_AVAILABILITY = YES_AGGRESSIVE;
				CLANG_WARN_UNREACHABLE_CODE = YES;
				CLANG_WARN__DUPLICATE_METHOD_MATCH = YES;
				COPY_PHASE_STRIP = NO;
				DEBUG_INFORMATION_FORMAT = dwarf;
				ENABLE_STRICT_OBJC_MSGSEND = YES;
				ENABLE_TESTABILITY = YES;
				GCC_C_LANGUAGE_STANDARD = gnu11;
				GCC_DYNAMIC_NO_PIC = NO;
				GCC_NO_COMMON_BLOCKS = YES;
				GCC_OPTIMIZATION_LEVEL = 0;
				GCC_PREPROCESSOR_DEFINITIONS = (
					"DEBUG=1",
					"$(inherited)",
				);
				GCC_WARN_64_TO_32_BIT_CONVERSION = YES;
				GCC_WARN_ABOUT_RETURN_TYPE = YES_ERROR;
				GCC_WARN_UNDECLARED_SELECTOR = YES;
				GCC_WARN_UNINITIALIZED_AUTOS = YES_AGGRESSIVE;
				GCC_WARN_UNUSED_FUNCTION = YES;
				GCC_WARN_UNUSED_VARIABLE = YES;
				IPHONEOS_DEPLOYMENT_TARGET = 13.2;
				MTL_ENABLE_DEBUG_INFO = INCLUDE_SOURCE;
				MTL_FAST_MATH = YES;
				ONLY_ACTIVE_ARCH = YES;
				SDKROOT = iphoneos;
				SWIFT_ACTIVE_COMPILATION_CONDITIONS = DEBUG;
				SWIFT_OPTIMIZATION_LEVEL = "-Onone";
			};
			name = Debug;
		};
		9AD5813025F2BB8000CB8764 /* Release */ = {
			isa = XCBuildConfiguration;
			buildSettings = {
				ALWAYS_SEARCH_USER_PATHS = NO;
				CLANG_ANALYZER_NONNULL = YES;
				CLANG_ANALYZER_NUMBER_OBJECT_CONVERSION = YES_AGGRESSIVE;
				CLANG_CXX_LANGUAGE_STANDARD = "gnu++14";
				CLANG_CXX_LIBRARY = "libc++";
				CLANG_ENABLE_MODULES = YES;
				CLANG_ENABLE_OBJC_ARC = YES;
				CLANG_ENABLE_OBJC_WEAK = YES;
				CLANG_WARN_BLOCK_CAPTURE_AUTORELEASING = YES;
				CLANG_WARN_BOOL_CONVERSION = YES;
				CLANG_WARN_COMMA = YES;
				CLANG_WARN_CONSTANT_CONVERSION = YES;
				CLANG_WARN_DEPRECATED_OBJC_IMPLEMENTATIONS = YES;
				CLANG_WARN_DIRECT_OBJC_ISA_USAGE = YES_ERROR;
				CLANG_WARN_DOCUMENTATION_COMMENTS = YES;
				CLANG_WARN_EMPTY_BODY = YES;
				CLANG_WARN_ENUM_CONVERSION = YES;
				CLANG_WARN_INFINITE_RECURSION = YES;
				CLANG_WARN_INT_CONVERSION = YES;
				CLANG_WARN_NON_LITERAL_NULL_CONVERSION = YES;
				CLANG_WARN_OBJC_IMPLICIT_RETAIN_SELF = YES;
				CLANG_WARN_OBJC_LITERAL_CONVERSION = YES;
				CLANG_WARN_OBJC_ROOT_CLASS = YES_ERROR;
				CLANG_WARN_RANGE_LOOP_ANALYSIS = YES;
				CLANG_WARN_STRICT_PROTOTYPES = YES;
				CLANG_WARN_SUSPICIOUS_MOVE = YES;
				CLANG_WARN_UNGUARDED_AVAILABILITY = YES_AGGRESSIVE;
				CLANG_WARN_UNREACHABLE_CODE = YES;
				CLANG_WARN__DUPLICATE_METHOD_MATCH = YES;
				COPY_PHASE_STRIP = NO;
				DEBUG_INFORMATION_FORMAT = "dwarf-with-dsym";
				ENABLE_NS_ASSERTIONS = NO;
				ENABLE_STRICT_OBJC_MSGSEND = YES;
				GCC_C_LANGUAGE_STANDARD = gnu11;
				GCC_NO_COMMON_BLOCKS = YES;
				GCC_WARN_64_TO_32_BIT_CONVERSION = YES;
				GCC_WARN_ABOUT_RETURN_TYPE = YES_ERROR;
				GCC_WARN_UNDECLARED_SELECTOR = YES;
				GCC_WARN_UNINITIALIZED_AUTOS = YES_AGGRESSIVE;
				GCC_WARN_UNUSED_FUNCTION = YES;
				GCC_WARN_UNUSED_VARIABLE = YES;
				IPHONEOS_DEPLOYMENT_TARGET = 13.2;
				MTL_ENABLE_DEBUG_INFO = NO;
				MTL_FAST_MATH = YES;
				SDKROOT = iphoneos;
				SWIFT_COMPILATION_MODE = wholemodule;
				SWIFT_OPTIMIZATION_LEVEL = "-O";
				VALIDATE_PRODUCT = YES;
			};
			name = Release;
		};
		9AD5813225F2BB8000CB8764 /* Debug */ = {
			isa = XCBuildConfiguration;
			buildSettings = {
				ASSETCATALOG_COMPILER_APPICON_NAME = AppIcon;
				CODE_SIGN_STYLE = Automatic;
				INFOPLIST_FILE = "Som dos animais/Info.plist";
				LD_RUNPATH_SEARCH_PATHS = (
					"$(inherited)",
					"@executable_path/Frameworks",
				);
				PRODUCT_BUNDLE_IDENTIFIER = "com.johnny.ios11tw.Som-dos-animais";
				PRODUCT_NAME = "$(TARGET_NAME)";
				SWIFT_VERSION = 5.0;
				TARGETED_DEVICE_FAMILY = "1,2";
			};
			name = Debug;
		};
		9AD5813325F2BB8000CB8764 /* Release */ = {
			isa = XCBuildConfiguration;
			buildSettings = {
				ASSETCATALOG_COMPILER_APPICON_NAME = AppIcon;
				CODE_SIGN_STYLE = Automatic;
				INFOPLIST_FILE = "Som dos animais/Info.plist";
				LD_RUNPATH_SEARCH_PATHS = (
					"$(inherited)",
					"@executable_path/Frameworks",
				);
				PRODUCT_BUNDLE_IDENTIFIER = "com.johnny.ios11tw.Som-dos-animais";
				PRODUCT_NAME = "$(TARGET_NAME)";
				SWIFT_VERSION = 5.0;
				TARGETED_DEVICE_FAMILY = "1,2";
			};
			name = Release;
		};
/* End XCBuildConfiguration section */

/* Begin XCConfigurationList section */
		9AD5811825F2BB7E00CB8764 /* Build configuration list for PBXProject "Som dos animais" */ = {
			isa = XCConfigurationList;
			buildConfigurations = (
				9AD5812F25F2BB8000CB8764 /* Debug */,
				9AD5813025F2BB8000CB8764 /* Release */,
			);
			defaultConfigurationIsVisible = 0;
			defaultConfigurationName = Release;
		};
		9AD5813125F2BB8000CB8764 /* Build configuration list for PBXNativeTarget "Som dos animais" */ = {
			isa = XCConfigurationList;
			buildConfigurations = (
				9AD5813225F2BB8000CB8764 /* Debug */,
				9AD5813325F2BB8000CB8764 /* Release */,
			);
			defaultConfigurationIsVisible = 0;
			defaultConfigurationName = Release;
		};
/* End XCConfigurationList section */
	};
	rootObject = 9AD5811525F2BB7E00CB8764 /* Project object */;
}
